
Microsoft Visual Studio Solution File, Format Version 12.00
# Visual Studio Version 16
VisualStudioVersion = 16.0.30804.86
MinimumVisualStudioVersion = 10.0.40219.1
Project("{FAE04EC0-301F-11D3-BF4B-00C04F79EFBC}") = "Project.ThesisBlog.Entities", "Project.ThesisBlog.Entities\Project.ThesisBlog.Entities.csproj", "{0D1630CA-3BC2-4C43-9EC2-49543B33C957}"
EndProject
Project("{FAE04EC0-301F-11D3-BF4B-00C04F79EFBC}") = "Project.ThesisBog.DataAccess", "Project.ThesisBog.DataAccess\Project.ThesisBog.DataAccess.csproj", "{030D24FE-D059-4B79-B099-70B9310B5A0B}"
EndProject
Global
	GlobalSection(SolutionConfigurationPlatforms) = preSolution
		Debug|Any CPU = Debug|Any CPU
		Release|Any CPU = Release|Any CPU
	EndGlobalSection
	GlobalSection(ProjectConfigurationPlatforms) = postSolution
		{0D1630CA-3BC2-4C43-9EC2-49543B33C957}.Debug|Any CPU.ActiveCfg = Debug|Any CPU
		{0D1630CA-3BC2-4C43-9EC2-49543B33C957}.Debug|Any CPU.Build.0 = Debug|Any CPU
		{0D1630CA-3BC2-4C43-9EC2-49543B33C957}.Release|Any CPU.ActiveCfg = Release|Any CPU
		{0D1630CA-3BC2-4C43-9EC2-49543B33C957}.Release|Any CPU.Build.0 = Release|Any CPU
		{030D24FE-D059-4B79-B099-70B9310B5A0B}.Debug|Any CPU.ActiveCfg = Debug|Any CPU
		{030D24FE-D059-4B79-B099-70B9310B5A0B}.Debug|Any CPU.Build.0 = Debug|Any CPU
		{030D24FE-D059-4B79-B099-70B9310B5A0B}.Release|Any CPU.ActiveCfg = Release|Any CPU
		{030D24FE-D059-4B79-B099-70B9310B5A0B}.Release|Any CPU.Build.0 = Release|Any CPU
	EndGlobalSection
	GlobalSection(SolutionProperties) = preSolution
		HideSolutionNode = FALSE
	EndGlobalSection
	GlobalSection(ExtensibilityGlobals) = postSolution
		SolutionGuid = {4AA77144-4987-437D-8D70-43F3E7F5439E}
	EndGlobalSection
EndGlobal
